
Microsoft Visual Studio Solution File, Format Version 12.00
# Visual Studio 15
VisualStudioVersion = 15.0.27703.2026
MinimumVisualStudioVersion = 10.0.40219.1
Project("{FAE04EC0-301F-11D3-BF4B-00C04F79EFBC}") = "BackEndChalenge", "BackEndChalenge\BackEndChalenge.csproj", "{36D1904C-7408-470B-B236-84ADE14BD342}"
EndProject
Global
	GlobalSection(SolutionConfigurationPlatforms) = preSolution
		Debug|Any CPU = Debug|Any CPU
		Release|Any CPU = Release|Any CPU
	EndGlobalSection
	GlobalSection(ProjectConfigurationPlatforms) = postSolution
		{36D1904C-7408-470B-B236-84ADE14BD342}.Debug|Any CPU.ActiveCfg = Debug|Any CPU
		{36D1904C-7408-470B-B236-84ADE14BD342}.Debug|Any CPU.Build.0 = Debug|Any CPU
		{36D1904C-7408-470B-B236-84ADE14BD342}.Release|Any CPU.ActiveCfg = Release|Any CPU
		{36D1904C-7408-470B-B236-84ADE14BD342}.Release|Any CPU.Build.0 = Release|Any CPU
	EndGlobalSection
	GlobalSection(SolutionProperties) = preSolution
		HideSolutionNode = FALSE
	EndGlobalSection
	GlobalSection(ExtensibilityGlobals) = postSolution
		SolutionGuid = {8C1DD3F0-3EBD-4470-9F05-14E1710CF305}
	EndGlobalSection
EndGlobal
